
Microsoft Visual Studio Solution File, Format Version 12.00
# Visual Studio 15
VisualStudioVersion = 15.0.27428.2037
MinimumVisualStudioVersion = 10.0.40219.1
Project("{FAE04EC0-301F-11D3-BF4B-00C04F79EFBC}") = "TrainingSite", "TrainingSite.csproj", "{AD665035-51B6-4E57-B8AB-0C0ADFD5D6C6}"
EndProject
Global
	GlobalSection(SolutionConfigurationPlatforms) = preSolution
		Debug|Any CPU = Debug|Any CPU
		Release|Any CPU = Release|Any CPU
	EndGlobalSection
	GlobalSection(ProjectConfigurationPlatforms) = postSolution
		{AD665035-51B6-4E57-B8AB-0C0ADFD5D6C6}.Debug|Any CPU.ActiveCfg = Debug|Any CPU
		{AD665035-51B6-4E57-B8AB-0C0ADFD5D6C6}.Debug|Any CPU.Build.0 = Debug|Any CPU
		{AD665035-51B6-4E57-B8AB-0C0ADFD5D6C6}.Release|Any CPU.ActiveCfg = Release|Any CPU
		{AD665035-51B6-4E57-B8AB-0C0ADFD5D6C6}.Release|Any CPU.Build.0 = Release|Any CPU
	EndGlobalSection
	GlobalSection(SolutionProperties) = preSolution
		HideSolutionNode = FALSE
	EndGlobalSection
	GlobalSection(ExtensibilityGlobals) = postSolution
		SolutionGuid = {A65A6092-A115-4B95-9404-01530142E456}
	EndGlobalSection
EndGlobal
